speakeasyVersion: 1.637.0
sources:
    Dokploy API:
        sourceNamespace: dokploy-api
        sourceRevisionDigest: sha256:70bdeef8a1f34be2a1dfaee80ac39a3ee3beca04b3aedb77fb7cac92dac0bc78
        sourceBlobDigest: sha256:6ddbe3a5b887c1183e1b964d3534994effc3156bc0a3e287777fd9d6459e0d56
        tags:
            - latest
            - speakeasy-sdk-regen-1759020931
            - 1.0.0
targets:
    dokploy:
        source: Dokploy API
        sourceNamespace: dokploy-api
        sourceRevisionDigest: sha256:3d4517a3dfb81e139fc097c6131f8270036e2396ea168aa0c8e14d964269dbe0
        sourceBlobDigest: sha256:e9a09bd4c3668899d5a7dcb0002cfa69fd53ba8e9664de8ab9dc028b03f1dbfb
        codeSamplesNamespace: dokploy-api-typescript-code-samples
        codeSamplesRevisionDigest: sha256:38db6d5c740941a93dd8ee823d99faa36b438e6a261e59e6c8109f129e2626ce
    typescript:
        source: Dokploy API
        sourceNamespace: dokploy-api
        sourceRevisionDigest: sha256:70bdeef8a1f34be2a1dfaee80ac39a3ee3beca04b3aedb77fb7cac92dac0bc78
        sourceBlobDigest: sha256:6ddbe3a5b887c1183e1b964d3534994effc3156bc0a3e287777fd9d6459e0d56
        codeSamplesNamespace: dokploy-api-typescript-code-samples
        codeSamplesRevisionDigest: sha256:48cbd782290e13b34cacedffd7f99164bbb6818ae7360ae47bfd941203e637ff
workflow:
    workflowVersion: 1.0.0
    speakeasyVersion: latest
    sources:
        Dokploy API:
            inputs:
                - location: https://raw.githubusercontent.com/charliedevelops/dokploy-api/refs/heads/main/API.json
            overlays:
                - location: .speakeasy/speakeasy-modifications-overlay.yaml
            output: .speakeasy/out.openapi.yaml
            registry:
                location: registry.speakeasyapi.dev/polariselabs/dokploy/dokploy-api
    targets:
        typescript:
            target: typescript
            source: Dokploy API
            publish:
                npm:
                    token: $npm_token
            codeSamples:
                registry:
                    location: registry.speakeasyapi.dev/polariselabs/dokploy/dokploy-api-typescript-code-samples
                labelOverride:
                    fixedValue: Typescript (SDK)
                blocking: false
